
Microsoft Visual Studio Solution File, Format Version 12.00
# Visual Studio Version 17
VisualStudioVersion = 17.12.35707.178
MinimumVisualStudioVersion = 10.0.40219.1
Project("{FAE04EC0-301F-11D3-BF4B-00C04F79EFBC}") = "BedChangeReminder", "BedChangeReminder.csproj", "{3ABB3537-2CB1-4576-89D9-016E72011EF0}"
EndProject
Global
	GlobalSection(SolutionConfigurationPlatforms) = preSolution
		Debug|Any CPU = Debug|Any CPU
		Debug|ARM64 = Debug|ARM64
		Release|Any CPU = Release|Any CPU
		Release|ARM64 = Release|ARM64
		x86x64|Any CPU = x86x64|Any CPU
		x86x64|ARM64 = x86x64|ARM64
	EndGlobalSection
	GlobalSection(ProjectConfigurationPlatforms) = postSolution
		{3ABB3537-2CB1-4576-89D9-016E72011EF0}.Debug|Any CPU.ActiveCfg = Debug|Any CPU
		{3ABB3537-2CB1-4576-89D9-016E72011EF0}.Debug|Any CPU.Build.0 = Debug|Any CPU
		{3ABB3537-2CB1-4576-89D9-016E72011EF0}.Debug|Any CPU.Deploy.0 = Debug|Any CPU
		{3ABB3537-2CB1-4576-89D9-016E72011EF0}.Debug|ARM64.ActiveCfg = Debug|ARM64
		{3ABB3537-2CB1-4576-89D9-016E72011EF0}.Debug|ARM64.Build.0 = Debug|ARM64
		{3ABB3537-2CB1-4576-89D9-016E72011EF0}.Debug|ARM64.Deploy.0 = Debug|ARM64
		{3ABB3537-2CB1-4576-89D9-016E72011EF0}.Release|Any CPU.ActiveCfg = Release|Any CPU
		{3ABB3537-2CB1-4576-89D9-016E72011EF0}.Release|Any CPU.Build.0 = Release|Any CPU
		{3ABB3537-2CB1-4576-89D9-016E72011EF0}.Release|Any CPU.Deploy.0 = Release|Any CPU
		{3ABB3537-2CB1-4576-89D9-016E72011EF0}.Release|ARM64.ActiveCfg = Release|ARM64
		{3ABB3537-2CB1-4576-89D9-016E72011EF0}.Release|ARM64.Build.0 = Release|ARM64
		{3ABB3537-2CB1-4576-89D9-016E72011EF0}.Release|ARM64.Deploy.0 = Release|ARM64
		{3ABB3537-2CB1-4576-89D9-016E72011EF0}.x86x64|Any CPU.ActiveCfg = x86x64|Any CPU
		{3ABB3537-2CB1-4576-89D9-016E72011EF0}.x86x64|Any CPU.Build.0 = x86x64|Any CPU
		{3ABB3537-2CB1-4576-89D9-016E72011EF0}.x86x64|Any CPU.Deploy.0 = x86x64|Any CPU
		{3ABB3537-2CB1-4576-89D9-016E72011EF0}.x86x64|ARM64.ActiveCfg = x86x64|ARM64
		{3ABB3537-2CB1-4576-89D9-016E72011EF0}.x86x64|ARM64.Build.0 = x86x64|ARM64
		{3ABB3537-2CB1-4576-89D9-016E72011EF0}.x86x64|ARM64.Deploy.0 = x86x64|ARM64
	EndGlobalSection
	GlobalSection(SolutionProperties) = preSolution
		HideSolutionNode = FALSE
	EndGlobalSection
EndGlobal
